
Microsoft Visual Studio Solution File, Format Version 12.00
# Visual Studio 15
VisualStudioVersion = 15.0.28307.779
MinimumVisualStudioVersion = 10.0.40219.1
Project("{FAE04EC0-301F-11D3-BF4B-00C04F79EFBC}") = "MVCBartenderApplicaion", "MVCBartenderApplicaion\MVCBartenderApplicaion.csproj", "{B4DDAE04-64FC-47A6-953B-8E33E74DF22C}"
EndProject
Global
	GlobalSection(SolutionConfigurationPlatforms) = preSolution
		Debug|Any CPU = Debug|Any CPU
		Release|Any CPU = Release|Any CPU
	EndGlobalSection
	GlobalSection(ProjectConfigurationPlatforms) = postSolution
		{B4DDAE04-64FC-47A6-953B-8E33E74DF22C}.Debug|Any CPU.ActiveCfg = Debug|Any CPU
		{B4DDAE04-64FC-47A6-953B-8E33E74DF22C}.Debug|Any CPU.Build.0 = Debug|Any CPU
		{B4DDAE04-64FC-47A6-953B-8E33E74DF22C}.Release|Any CPU.ActiveCfg = Release|Any CPU
		{B4DDAE04-64FC-47A6-953B-8E33E74DF22C}.Release|Any CPU.Build.0 = Release|Any CPU
	EndGlobalSection
	GlobalSection(SolutionProperties) = preSolution
		HideSolutionNode = FALSE
	EndGlobalSection
	GlobalSection(ExtensibilityGlobals) = postSolution
		SolutionGuid = {E74C4A67-B6A0-47BE-AEA7-B537C2E8B4D2}
	EndGlobalSection
EndGlobal
